
Microsoft Visual Studio Solution File, Format Version 12.00
# Visual Studio 15
VisualStudioVersion = 15.0.28307.271
MinimumVisualStudioVersion = 10.0.40219.1
Project("{FAE04EC0-301F-11D3-BF4B-00C04F79EFBC}") = "ETC", "ETC\ETC.csproj", "{295F13D4-CB67-4BF6-B562-95162FBBF6E8}"
EndProject
Global
	GlobalSection(SolutionConfigurationPlatforms) = preSolution
		Debug|Any CPU = Debug|Any CPU
		Release|Any CPU = Release|Any CPU
	EndGlobalSection
	GlobalSection(ProjectConfigurationPlatforms) = postSolution
		{295F13D4-CB67-4BF6-B562-95162FBBF6E8}.Debug|Any CPU.ActiveCfg = Debug|Any CPU
		{295F13D4-CB67-4BF6-B562-95162FBBF6E8}.Debug|Any CPU.Build.0 = Debug|Any CPU
		{295F13D4-CB67-4BF6-B562-95162FBBF6E8}.Release|Any CPU.ActiveCfg = Release|Any CPU
		{295F13D4-CB67-4BF6-B562-95162FBBF6E8}.Release|Any CPU.Build.0 = Release|Any CPU
	EndGlobalSection
	GlobalSection(SolutionProperties) = preSolution
		HideSolutionNode = FALSE
	EndGlobalSection
	GlobalSection(ExtensibilityGlobals) = postSolution
		SolutionGuid = {F7B19361-712F-4C5D-968C-9A1DB556056F}
	EndGlobalSection
EndGlobal
